
Microsoft Visual Studio Solution File, Format Version 12.00
# Visual Studio Version 16
VisualStudioVersion = 16.0.30611.23
MinimumVisualStudioVersion = 10.0.40219.1
Project("{FAE04EC0-301F-11D3-BF4B-00C04F79EFBC}") = "Mining_App_Core", "Mining_App_Core.csproj", "{93309B3A-B1F0-473F-9A63-087C8CB7DFBA}"
EndProject
Global
	GlobalSection(SolutionConfigurationPlatforms) = preSolution
		Debug|Any CPU = Debug|Any CPU
		Release|Any CPU = Release|Any CPU
	EndGlobalSection
	GlobalSection(ProjectConfigurationPlatforms) = postSolution
		{93309B3A-B1F0-473F-9A63-087C8CB7DFBA}.Debug|Any CPU.ActiveCfg = Debug|Any CPU
		{93309B3A-B1F0-473F-9A63-087C8CB7DFBA}.Debug|Any CPU.Build.0 = Debug|Any CPU
		{93309B3A-B1F0-473F-9A63-087C8CB7DFBA}.Release|Any CPU.ActiveCfg = Release|Any CPU
		{93309B3A-B1F0-473F-9A63-087C8CB7DFBA}.Release|Any CPU.Build.0 = Release|Any CPU
	EndGlobalSection
	GlobalSection(SolutionProperties) = preSolution
		HideSolutionNode = FALSE
	EndGlobalSection
	GlobalSection(ExtensibilityGlobals) = postSolution
		SolutionGuid = {B9EE2755-6404-4FB2-8669-1C9B29CE4F35}
	EndGlobalSection
EndGlobal
